Microsoft Visual Studio Solution File, Format Version 12.00
# Visual Studio Version 17
VisualStudioVersion = 17.5.2.0
MinimumVisualStudioVersion = 10.0.40219.1
Project("{2150E333-8FDC-42A3-9474-1A3956D46DE8}") = "vendor", "vendor", "{3EFB08DA-2EA9-FE77-18DF-C4D4293AFD9C}"
EndProject
Project("{2150E333-8FDC-42A3-9474-1A3956D46DE8}") = "tree-sitter-c-sharp", "tree-sitter-c-sharp", "{B7981229-08E3-55A2-4D13-50E2DE365CB9}"
EndProject
Project("{2150E333-8FDC-42A3-9474-1A3956D46DE8}") = "tools", "tools", "{126B504E-CF8A-AAFB-FE9A-978044FCBC40}"
EndProject
Project("{FAE04EC0-301F-11D3-BF4B-00C04F79EFBC}") = "Generator", "vendor\tree-sitter-c-sharp\tools\highlight-test-generator\Generator.csproj", "{D67586C6-1AD0-5C76-31BD-17F4956C83E4}"
EndProject
Global
	GlobalSection(SolutionConfigurationPlatforms) = preSolution
		Debug|Any CPU = Debug|Any CPU
		Release|Any CPU = Release|Any CPU
	EndGlobalSection
	GlobalSection(ProjectConfigurationPlatforms) = postSolution
		{D67586C6-1AD0-5C76-31BD-17F4956C83E4}.Debug|Any CPU.ActiveCfg = Debug|Any CPU
		{D67586C6-1AD0-5C76-31BD-17F4956C83E4}.Debug|Any CPU.Build.0 = Debug|Any CPU
		{D67586C6-1AD0-5C76-31BD-17F4956C83E4}.Release|Any CPU.ActiveCfg = Release|Any CPU
		{D67586C6-1AD0-5C76-31BD-17F4956C83E4}.Release|Any CPU.Build.0 = Release|Any CPU
	EndGlobalSection
	GlobalSection(SolutionProperties) = preSolution
		HideSolutionNode = FALSE
	EndGlobalSection
	GlobalSection(NestedProjects) = preSolution
		{B7981229-08E3-55A2-4D13-50E2DE365CB9} = {3EFB08DA-2EA9-FE77-18DF-C4D4293AFD9C}
		{126B504E-CF8A-AAFB-FE9A-978044FCBC40} = {B7981229-08E3-55A2-4D13-50E2DE365CB9}
		{D67586C6-1AD0-5C76-31BD-17F4956C83E4} = {126B504E-CF8A-AAFB-FE9A-978044FCBC40}
	EndGlobalSection
	GlobalSection(ExtensibilityGlobals) = postSolution
		SolutionGuid = {CF2F752B-D1D4-4AD6-A3DF-91777C1DDEA9}
	EndGlobalSection
EndGlobal
